
Microsoft Visual Studio Solution File, Format Version 12.00
# Visual Studio Version 17
VisualStudioVersion = 17.5.33502.453
MinimumVisualStudioVersion = 10.0.40219.1
Project("{FAE04EC0-301F-11D3-BF4B-00C04F79EFBC}") = "LOGICFORCALC", "LOGICFORCALC\LOGICFORCALC.csproj", "{2F2EC205-63B6-4590-8115-F6AF673BEC13}"
EndProject
Global
	GlobalSection(SolutionConfigurationPlatforms) = preSolution
		Debug|Any CPU = Debug|Any CPU
		Release|Any CPU = Release|Any CPU
	EndGlobalSection
	GlobalSection(ProjectConfigurationPlatforms) = postSolution
		{2F2EC205-63B6-4590-8115-F6AF673BEC13}.Debug|Any CPU.ActiveCfg = Debug|Any CPU
		{2F2EC205-63B6-4590-8115-F6AF673BEC13}.Debug|Any CPU.Build.0 = Debug|Any CPU
		{2F2EC205-63B6-4590-8115-F6AF673BEC13}.Release|Any CPU.ActiveCfg = Release|Any CPU
		{2F2EC205-63B6-4590-8115-F6AF673BEC13}.Release|Any CPU.Build.0 = Release|Any CPU
	EndGlobalSection
	GlobalSection(SolutionProperties) = preSolution
		HideSolutionNode = FALSE
	EndGlobalSection
	GlobalSection(ExtensibilityGlobals) = postSolution
		SolutionGuid = {05394F24-611F-4FE6-AD16-E0A93E55B418}
	EndGlobalSection
EndGlobal
